{
  "lib/LayerZero-v2": {
    "rev": "4645b5795185a196713263311f76a497a3267dcc"
  },
  "lib/axelar-gmp-sdk-solidity": {
    "tag": {
      "name": "v6.0.6",
      "rev": "00682b6c3db0cc922ec0c4ea3791852c93d7ae31"
    }
  },
  "lib/devtools": {
    "rev": "aa43d67ec0ca5a1668b9174a3f3a032e6ce8693d"
  },
  "lib/openzeppelin-contracts-upgradeable": {
    "tag": {
      "name": "v5.4.0",
      "rev": "e725abddf1e01cf05ace496e950fc8e243cc7cab"
    }
  },
  "lib/solady": {
    "rev": "a5bb996e91aae5b0c068087af7594d92068b12f1"
  },
  "lib/solidity-bytes-utils": {
    "rev": "fc502455bb2a7e26a743378df042612dd50d1eb9"
  }
}